{
  "name": "gs-inventory-sheet",
  "version": "0.0.2",
  "lockfileVersion": 1,
  "requires": true,
  "dependencies": {
    "unsafe-hash-words": {
      "version": "github:NReilingh/unsafe-hash-words#16ca662830750c160e0c9659ed8594be5f740f20",
      "from": "github:NReilingh/unsafe-hash-words#master"
    }
  }
}
